
Microsoft Visual Studio Solution File, Format Version 12.00
# Visual Studio Version 17
VisualStudioVersion = 17.8.34330.188
MinimumVisualStudioVersion = 10.0.40219.1
Project("{FAE04EC0-301F-11D3-BF4B-00C04F79EFBC}") = "MauiCRUD", "MauiCRUD\MauiCRUD.csproj", "{7C5BFBC4-2B34-4747-95C7-FBBA73BA82B8}"
EndProject
Global
	GlobalSection(SolutionConfigurationPlatforms) = preSolution
		Debug|Any CPU = Debug|Any CPU
		Release|Any CPU = Release|Any CPU
	EndGlobalSection
	GlobalSection(ProjectConfigurationPlatforms) = postSolution
		{7C5BFBC4-2B34-4747-95C7-FBBA73BA82B8}.Debug|Any CPU.ActiveCfg = Debug|Any CPU
		{7C5BFBC4-2B34-4747-95C7-FBBA73BA82B8}.Debug|Any CPU.Build.0 = Debug|Any CPU
		{7C5BFBC4-2B34-4747-95C7-FBBA73BA82B8}.Debug|Any CPU.Deploy.0 = Debug|Any CPU
		{7C5BFBC4-2B34-4747-95C7-FBBA73BA82B8}.Release|Any CPU.ActiveCfg = Release|Any CPU
		{7C5BFBC4-2B34-4747-95C7-FBBA73BA82B8}.Release|Any CPU.Build.0 = Release|Any CPU
		{7C5BFBC4-2B34-4747-95C7-FBBA73BA82B8}.Release|Any CPU.Deploy.0 = Release|Any CPU
	EndGlobalSection
	GlobalSection(SolutionProperties) = preSolution
		HideSolutionNode = FALSE
	EndGlobalSection
	GlobalSection(ExtensibilityGlobals) = postSolution
		SolutionGuid = {C31F3B4E-9B51-4C11-86CC-E69811790AB7}
	EndGlobalSection
EndGlobal
